{
  "nodes": {
    "devshell": {
      "inputs": {
        "nixpkgs": [
          "nixpkgs"
        ],
        "systems": "systems"
      },
      "locked": {
        "lastModified": 1685972731,
        "narHash": "sha256-VpwVUthxs3AFgvWxGTHu+KVDnS/zT3xkCtmjX2PjNQs=",
        "owner": "numtide",
        "repo": "devshell",
        "rev": "6b2554d28d46bfa6e24b941e999a145760dad0e1",
        "type": "github"
      },
      "original": {
        "owner": "numtide",
        "repo": "devshell",
        "type": "github"
      }
    },
    "disko": {
      "inputs": {
        "nixpkgs": [
          "nixpkgs"
        ]
      },
      "locked": {
        "lastModified": 1686222354,
        "narHash": "sha256-dtqnAwzucKZv54dTrLetIXhOavUrCsdqOe+JtFH9riE=",
        "owner": "nix-community",
        "repo": "disko",
        "rev": "5d9f362aecd7a4c2e8a3bf2afddb49051988cab9",
        "type": "github"
      },
      "original": {
        "owner": "nix-community",
        "repo": "disko",
        "type": "github"
      }
    },
    "flake-compat": {
      "flake": false,
      "locked": {
        "lastModified": 1673956053,
        "narHash": "sha256-4gtG9iQuiKITOjNQQeQIpoIB6b16fm+504Ch3sNKLd8=",
        "owner": "edolstra",
        "repo": "flake-compat",
        "rev": "35bb57c0c8d8b62bbfd284272c928ceb64ddbde9",
        "type": "github"
      },
      "original": {
        "owner": "edolstra",
        "repo": "flake-compat",
        "type": "github"
      }
    },
    "flake-parts": {
      "inputs": {
        "nixpkgs-lib": [
          "nixpkgs"
        ]
      },
      "locked": {
        "lastModified": 1685662779,
        "narHash": "sha256-cKDDciXGpMEjP1n6HlzKinN0H+oLmNpgeCTzYnsA2po=",
        "owner": "hercules-ci",
        "repo": "flake-parts",
        "rev": "71fb97f0d875fd4de4994dfb849f2c75e17eb6c3",
        "type": "github"
      },
      "original": {
        "owner": "hercules-ci",
        "repo": "flake-parts",
        "type": "github"
      }
    },
    "flake-root": {
      "locked": {
        "lastModified": 1680964220,
        "narHash": "sha256-dIdTYcf+KW9a4pKHsEbddvLVSfR1yiAJynzg2x0nfWg=",
        "owner": "srid",
        "repo": "flake-root",
        "rev": "f1c0b93d05bdbea6c011136ba1a135c80c5b326c",
        "type": "github"
      },
      "original": {
        "owner": "srid",
        "repo": "flake-root",
        "type": "github"
      }
    },
    "flake-utils": {
      "inputs": {
        "systems": "systems_2"
      },
      "locked": {
        "lastModified": 1685518550,
        "narHash": "sha256-o2d0KcvaXzTrPRIo0kOLV0/QXHhDQ5DTi+OxcjO8xqY=",
        "owner": "numtide",
        "repo": "flake-utils",
        "rev": "a1720a10a6cfe8234c0e93907ffe81be440f4cef",
        "type": "github"
      },
      "original": {
        "owner": "numtide",
        "repo": "flake-utils",
        "type": "github"
      }
    },
    "gitignore": {
      "inputs": {
        "nixpkgs": [
          "pre-commit-hooks",
          "nixpkgs"
        ]
      },
      "locked": {
        "lastModified": 1660459072,
        "narHash": "sha256-8DFJjXG8zqoONA1vXtgeKXy68KdJL5UaXR8NtVMUbx8=",
        "owner": "hercules-ci",
        "repo": "gitignore.nix",
        "rev": "a20de23b925fd8264fd7fad6454652e142fd7f73",
        "type": "github"
      },
      "original": {
        "owner": "hercules-ci",
        "repo": "gitignore.nix",
        "type": "github"
      }
    },
    "haumea": {
      "inputs": {
        "nixpkgs": [
          "nixpkgs"
        ]
      },
      "locked": {
        "lastModified": 1686007448,
        "narHash": "sha256-iiOuJ7KPOBcZU1N2xp1QMds7GBv07lHaLZK9qDOSYkM=",
        "owner": "nix-community",
        "repo": "haumea",
        "rev": "7b93825345b989d70374f9ad6b24d1ed75dfba9c",
        "type": "github"
      },
      "original": {
        "owner": "nix-community",
        "repo": "haumea",
        "type": "github"
      }
    },
    "home-manager": {
      "inputs": {
        "nixpkgs": [
          "nixpkgs"
        ]
      },
      "locked": {
        "lastModified": 1686342731,
        "narHash": "sha256-GwCwviXcc5nrewuFwtsrxys8srrZcI+m8hdIGOt+fHY=",
        "owner": "nix-community",
        "repo": "home-manager",
        "rev": "0945875a2a20de314093b0f9d4d5448e9b4fdccb",
        "type": "github"
      },
      "original": {
        "owner": "nix-community",
        "repo": "home-manager",
        "type": "github"
      }
    },
    "impermanence": {
      "locked": {
        "lastModified": 1684264534,
        "narHash": "sha256-K0zr+ry3FwIo3rN2U/VWAkCJSgBslBisvfRIPwMbuCQ=",
        "owner": "nix-community",
        "repo": "impermanence",
        "rev": "89253fb1518063556edd5e54509c30ac3089d5e6",
        "type": "github"
      },
      "original": {
        "owner": "nix-community",
        "repo": "impermanence",
        "type": "github"
      }
    },
    "mission-control": {
      "locked": {
        "lastModified": 1683658484,
        "narHash": "sha256-JkGnWyYZxOnyOhztrxLSqaod6+O/3rRypq0dAqA/zn0=",
        "owner": "Platonic-Systems",
        "repo": "mission-control",
        "rev": "a0c93bd764a3c25e6999397e9f5f119c1b124e38",
        "type": "github"
      },
      "original": {
        "owner": "Platonic-Systems",
        "repo": "mission-control",
        "type": "github"
      }
    },
    "nix-formatter-pack": {
      "inputs": {
        "nixpkgs": [
          "nix-on-droid",
          "nixpkgs"
        ],
        "nmd": "nmd",
        "nmt": "nmt"
      },
      "locked": {
        "lastModified": 1666720474,
        "narHash": "sha256-iWojjDS1D19zpeZXbBdjWb9MiKmVVFQCqtJmtTXgPx8=",
        "owner": "Gerschtli",
        "repo": "nix-formatter-pack",
        "rev": "14876cc8fe94a3d329964ecb073b4c988c7b61f5",
        "type": "github"
      },
      "original": {
        "owner": "Gerschtli",
        "repo": "nix-formatter-pack",
        "type": "github"
      }
    },
    "nix-on-droid": {
      "inputs": {
        "home-manager": [
          "home-manager"
        ],
        "nix-formatter-pack": "nix-formatter-pack",
        "nixpkgs": [
          "nixpkgs"
        ],
        "nixpkgs-for-bootstrap": "nixpkgs-for-bootstrap",
        "nmd": "nmd_2"
      },
      "locked": {
        "lastModified": 1684353543,
        "narHash": "sha256-0b85kcdeM1WgGZZn0L4fke39xcVpO99hidzcpqvNOcQ=",
        "owner": "t184256",
        "repo": "nix-on-droid",
        "rev": "064e1b280e4711ecea0d7abbe885362cbf7b717a",
        "type": "github"
      },
      "original": {
        "owner": "t184256",
        "repo": "nix-on-droid",
        "type": "github"
      }
    },
    "nixos-hardware": {
      "locked": {
        "lastModified": 1686217350,
        "narHash": "sha256-Nb9b3m/GEK8jyFsYfUkXGsqj6rH05GgJ2QWcNNbK7dw=",
        "owner": "NixOS",
        "repo": "nixos-hardware",
        "rev": "e4b34b90f27696ec3965fa15dcbacc351293dc67",
        "type": "github"
      },
      "original": {
        "owner": "NixOS",
        "repo": "nixos-hardware",
        "type": "github"
      }
    },
    "nixpkgs": {
      "locked": {
        "lastModified": 1686226982,
        "narHash": "sha256-nLuiPoeiVfqqzeq9rmXxpybh77VS37dsY/k8N2LoxVg=",
        "owner": "NixOS",
        "repo": "nixpkgs",
        "rev": "a64b73e07d4aa65cfcbda29ecf78eaf9e72e44bd",
        "type": "github"
      },
      "original": {
        "owner": "NixOS",
        "ref": "nixos-unstable",
        "repo": "nixpkgs",
        "type": "github"
      }
    },
    "nixpkgs-for-bootstrap": {
      "locked": {
        "lastModified": 1669834992,
        "narHash": "sha256-YnhZGHgb4C3Q7DSGisO/stc50jFb9F/MzHeKS4giotg=",
        "owner": "NixOS",
        "repo": "nixpkgs",
        "rev": "596a8e828c5dfa504f91918d0fa4152db3ab5502",
        "type": "github"
      },
      "original": {
        "owner": "NixOS",
        "repo": "nixpkgs",
        "rev": "596a8e828c5dfa504f91918d0fa4152db3ab5502",
        "type": "github"
      }
    },
    "nixpkgs-stable": {
      "locked": {
        "lastModified": 1685801374,
        "narHash": "sha256-otaSUoFEMM+LjBI1XL/xGB5ao6IwnZOXc47qhIgJe8U=",
        "owner": "NixOS",
        "repo": "nixpkgs",
        "rev": "c37ca420157f4abc31e26f436c1145f8951ff373",
        "type": "github"
      },
      "original": {
        "owner": "NixOS",
        "ref": "nixos-23.05",
        "repo": "nixpkgs",
        "type": "github"
      }
    },
    "nixpkgs-stable_2": {
      "locked": {
        "lastModified": 1685758009,
        "narHash": "sha256-IT4Z5WGhafrq+xbDTyuKrRPRQ1f+kVOtE+4JU1CHFeo=",
        "owner": "NixOS",
        "repo": "nixpkgs",
        "rev": "eaf03591711b46d21abc7082a8ebee4681f9dbeb",
        "type": "github"
      },
      "original": {
        "owner": "NixOS",
        "ref": "release-22.11",
        "repo": "nixpkgs",
        "type": "github"
      }
    },
    "nmd": {
      "flake": false,
      "locked": {
        "lastModified": 1666190571,
        "narHash": "sha256-Z1hc7M9X6L+H83o9vOprijpzhTfOBjd0KmUTnpHAVjA=",
        "owner": "rycee",
        "repo": "nmd",
        "rev": "b75d312b4f33bd3294cd8ae5c2ca8c6da2afc169",
        "type": "gitlab"
      },
      "original": {
        "owner": "rycee",
        "repo": "nmd",
        "type": "gitlab"
      }
    },
    "nmd_2": {
      "flake": false,
      "locked": {
        "lastModified": 1666190571,
        "narHash": "sha256-Z1hc7M9X6L+H83o9vOprijpzhTfOBjd0KmUTnpHAVjA=",
        "owner": "rycee",
        "repo": "nmd",
        "rev": "b75d312b4f33bd3294cd8ae5c2ca8c6da2afc169",
        "type": "gitlab"
      },
      "original": {
        "owner": "rycee",
        "repo": "nmd",
        "type": "gitlab"
      }
    },
    "nmt": {
      "flake": false,
      "locked": {
        "lastModified": 1648075362,
        "narHash": "sha256-u36WgzoA84dMVsGXzml4wZ5ckGgfnvS0ryzo/3zn/Pc=",
        "owner": "rycee",
        "repo": "nmt",
        "rev": "d83601002c99b78c89ea80e5e6ba21addcfe12ae",
        "type": "gitlab"
      },
      "original": {
        "owner": "rycee",
        "repo": "nmt",
        "type": "gitlab"
      }
    },
    "nur": {
      "locked": {
        "lastModified": 1686357655,
        "narHash": "sha256-K82UgASvAwRyt/K4K4AjidhXU6+PuDD/RB/NTtWo6hk=",
        "owner": "nix-community",
        "repo": "NUR",
        "rev": "94670037fe84717a161034b5f5d70836826d6ac7",
        "type": "github"
      },
      "original": {
        "owner": "nix-community",
        "repo": "NUR",
        "type": "github"
      }
    },
    "pre-commit-hooks": {
      "inputs": {
        "flake-compat": [
          "flake-compat"
        ],
        "flake-utils": [
          "flake-utils"
        ],
        "gitignore": "gitignore",
        "nixpkgs": [
          "nixpkgs"
        ],
        "nixpkgs-stable": "nixpkgs-stable"
      },
      "locked": {
        "lastModified": 1686213770,
        "narHash": "sha256-Re6xXLEqQ/HRnThryumyGzEf3Uv0Pl4cuG50MrDofP8=",
        "owner": "cachix",
        "repo": "pre-commit-hooks.nix",
        "rev": "182af51202998af5b64ddecaa7ff9be06425399b",
        "type": "github"
      },
      "original": {
        "owner": "cachix",
        "repo": "pre-commit-hooks.nix",
        "type": "github"
      }
    },
    "root": {
      "inputs": {
        "devshell": "devshell",
        "disko": "disko",
        "flake-compat": "flake-compat",
        "flake-parts": "flake-parts",
        "flake-root": "flake-root",
        "flake-utils": "flake-utils",
        "haumea": "haumea",
        "home-manager": "home-manager",
        "impermanence": "impermanence",
        "mission-control": "mission-control",
        "nix-on-droid": "nix-on-droid",
        "nixos-hardware": "nixos-hardware",
        "nixpkgs": "nixpkgs",
        "nur": "nur",
        "pre-commit-hooks": "pre-commit-hooks",
        "sops-nix": "sops-nix",
        "spacemacs": "spacemacs",
        "treefmt-nix": "treefmt-nix"
      }
    },
    "sops-nix": {
      "inputs": {
        "nixpkgs": [
          "nixpkgs"
        ],
        "nixpkgs-stable": "nixpkgs-stable_2"
      },
      "locked": {
        "lastModified": 1685848844,
        "narHash": "sha256-Iury+/SVbAwLES76QJSiKFiQDzmf/8Hsq8j54WF2qyw=",
        "owner": "Mic92",
        "repo": "sops-nix",
        "rev": "a522e12ee35e50fa7d902a164a9796e420e6e75b",
        "type": "github"
      },
      "original": {
        "owner": "Mic92",
        "repo": "sops-nix",
        "type": "github"
      }
    },
    "spacemacs": {
      "flake": false,
      "locked": {
        "lastModified": 1686293804,
        "narHash": "sha256-uvWmXSADnB9iuu0vvMcJjVfwHW6JcqvdCRwCiij7Nzc=",
        "owner": "syl20bnr",
        "repo": "spacemacs",
        "rev": "55343632740f7a1a3f5aca7872ec06fd54a6c7f7",
        "type": "github"
      },
      "original": {
        "owner": "syl20bnr",
        "ref": "develop",
        "repo": "spacemacs",
        "type": "github"
      }
    },
    "systems": {
      "locked": {
        "lastModified": 1681028828,
        "narHash": "sha256-Vy1rq5AaRuLzOxct8nz4T6wlgyUR7zLU309k9mBC768=",
        "owner": "nix-systems",
        "repo": "default",
        "rev": "da67096a3b9bf56a91d16901293e51ba5b49a27e",
        "type": "github"
      },
      "original": {
        "owner": "nix-systems",
        "repo": "default",
        "type": "github"
      }
    },
    "systems_2": {
      "locked": {
        "lastModified": 1681028828,
        "narHash": "sha256-Vy1rq5AaRuLzOxct8nz4T6wlgyUR7zLU309k9mBC768=",
        "owner": "nix-systems",
        "repo": "default",
        "rev": "da67096a3b9bf56a91d16901293e51ba5b49a27e",
        "type": "github"
      },
      "original": {
        "owner": "nix-systems",
        "repo": "default",
        "type": "github"
      }
    },
    "treefmt-nix": {
      "inputs": {
        "nixpkgs": [
          "nixpkgs"
        ]
      },
      "locked": {
        "lastModified": 1685519364,
        "narHash": "sha256-rE9c9jWDSc5Nj0OjNzBENaJ6j4YBphcqSPia2IwCMLA=",
        "owner": "numtide",
        "repo": "treefmt-nix",
        "rev": "6521a278bcba66b440554cc1350403594367b4ac",
        "type": "github"
      },
      "original": {
        "owner": "numtide",
        "repo": "treefmt-nix",
        "type": "github"
      }
    }
  },
  "root": "root",
  "version": 7
}
